// !$*UTF8*$!
{
	archiveVersion = 1;
	classes = {
	};
	objectVersion = 46;
	objects = {

/* Begin PBXBuildFile section */
		BE73AD701CDDF90D006F8B98 /* RxGesture.h in Headers */ = {isa = PBXBuildFile; fileRef = BE73AD6F1CDDF90D006F8B98 /* RxGesture.h */; settings = {ATTRIBUTES = (Public, ); }; };
		BE73AD7F1CDDFD89006F8B98 /* RxGesture-OSX.h in Headers */ = {isa = PBXBuildFile; fileRef = BE73AD7E1CDDFD89006F8B98 /* RxGesture-OSX.h */; settings = {ATTRIBUTES = (Public, ); }; };
		BE73AD881CDDFE55006F8B98 /* RxSwift.framework in Frameworks */ = {isa = PBXBuildFile; fileRef = BE73AD851CDDFE55006F8B98 /* RxSwift.framework */; };
		BE73AD891CDDFE55006F8B98 /* RxCocoa.framework in Frameworks */ = {isa = PBXBuildFile; fileRef = BE73AD861CDDFE55006F8B98 /* RxCocoa.framework */; };
		BE73AD8A1CDDFE55006F8B98 /* RxBlocking.framework in Frameworks */ = {isa = PBXBuildFile; fileRef = BE73AD871CDDFE55006F8B98 /* RxBlocking.framework */; };
		BE73AD8E1CDDFE84006F8B98 /* RxSwift.framework in Frameworks */ = {isa = PBXBuildFile; fileRef = BE73AD8B1CDDFE84006F8B98 /* RxSwift.framework */; };
		BE73AD8F1CDDFE84006F8B98 /* RxCocoa.framework in Frameworks */ = {isa = PBXBuildFile; fileRef = BE73AD8C1CDDFE84006F8B98 /* RxCocoa.framework */; };
		BE73AD901CDDFE84006F8B98 /* RxBlocking.framework in Frameworks */ = {isa = PBXBuildFile; fileRef = BE73AD8D1CDDFE84006F8B98 /* RxBlocking.framework */; };
/* End PBXBuildFile section */

/* Begin PBXFileReference section */
		BE73AD6C1CDDF90D006F8B98 /* RxGesture.framework */ = {isa = PBXFileReference; explicitFileType = wrapper.framework; includeInIndex = 0; path = RxGesture.framework; sourceTree = BUILT_PRODUCTS_DIR; };
		BE73AD6F1CDDF90D006F8B98 /* RxGesture.h */ = {isa = PBXFileReference; lastKnownFileType = sourcecode.c.h; path = RxGesture.h; sourceTree = "<group>"; };
		BE73AD711CDDF90D006F8B98 /* Info.plist */ = {isa = PBXFileReference; lastKnownFileType = text.plist.xml; path = Info.plist; sourceTree = "<group>"; };
		BE73AD7C1CDDFD89006F8B98 /* RxGesture-OSX.framework */ = {isa = PBXFileReference; explicitFileType = wrapper.framework; includeInIndex = 0; path = "RxGesture-OSX.framework"; sourceTree = BUILT_PRODUCTS_DIR; };
		BE73AD7E1CDDFD89006F8B98 /* RxGesture-OSX.h */ = {isa = PBXFileReference; lastKnownFileType = sourcecode.c.h; path = "RxGesture-OSX.h"; sourceTree = "<group>"; };
		BE73AD801CDDFD89006F8B98 /* Info.plist */ = {isa = PBXFileReference; lastKnownFileType = text.plist.xml; path = Info.plist; sourceTree = "<group>"; };
		BE73AD851CDDFE55006F8B98 /* RxSwift.framework */ = {isa = PBXFileReference; lastKnownFileType = wrapper.framework; name = RxSwift.framework; path = ../Carthage/Build/Mac/RxSwift.framework; sourceTree = "<group>"; };
		BE73AD861CDDFE55006F8B98 /* RxCocoa.framework */ = {isa = PBXFileReference; lastKnownFileType = wrapper.framework; name = RxCocoa.framework; path = ../Carthage/Build/Mac/RxCocoa.framework; sourceTree = "<group>"; };
		BE73AD871CDDFE55006F8B98 /* RxBlocking.framework */ = {isa = PBXFileReference; lastKnownFileType = wrapper.framework; name = RxBlocking.framework; path = ../Carthage/Build/Mac/RxBlocking.framework; sourceTree = "<group>"; };
		BE73AD8B1CDDFE84006F8B98 /* RxSwift.framework */ = {isa = PBXFileReference; lastKnownFileType = wrapper.framework; name = RxSwift.framework; path = ../Carthage/Build/iOS/RxSwift.framework; sourceTree = "<group>"; };
		BE73AD8C1CDDFE84006F8B98 /* RxCocoa.framework */ = {isa = PBXFileReference; lastKnownFileType = wrapper.framework; name = RxCocoa.framework; path = ../Carthage/Build/iOS/RxCocoa.framework; sourceTree = "<group>"; };
		BE73AD8D1CDDFE84006F8B98 /* RxBlocking.framework */ = {isa = PBXFileReference; lastKnownFileType = wrapper.framework; name = RxBlocking.framework; path = ../Carthage/Build/iOS/RxBlocking.framework; sourceTree = "<group>"; };
/* End PBXFileReference section */

/* Begin PBXFrameworksBuildPhase section */
		BE73AD681CDDF90D006F8B98 /* Frameworks */ = {
			isa = PBXFrameworksBuildPhase;
			buildActionMask = 2147483647;
			files = (
				BE73AD8E1CDDFE84006F8B98 /* RxSwift.framework in Frameworks */,
				BE73AD8F1CDDFE84006F8B98 /* RxCocoa.framework in Frameworks */,
				BE73AD901CDDFE84006F8B98 /* RxBlocking.framework in Frameworks */,
			);
			runOnlyForDeploymentPostprocessing = 0;
		};
		BE73AD781CDDFD89006F8B98 /* Frameworks */ = {
			isa = PBXFrameworksBuildPhase;
			buildActionMask = 2147483647;
			files = (
				BE73AD881CDDFE55006F8B98 /* RxSwift.framework in Frameworks */,
				BE73AD891CDDFE55006F8B98 /* RxCocoa.framework in Frameworks */,
				BE73AD8A1CDDFE55006F8B98 /* RxBlocking.framework in Frameworks */,
			);
			runOnlyForDeploymentPostprocessing = 0;
		};
/* End PBXFrameworksBuildPhase section */

/* Begin PBXGroup section */
		BE73AD621CDDF90D006F8B98 = {
			isa = PBXGroup;
			children = (
				BE73AD8B1CDDFE84006F8B98 /* RxSwift.framework */,
				BE73AD8C1CDDFE84006F8B98 /* RxCocoa.framework */,
				BE73AD8D1CDDFE84006F8B98 /* RxBlocking.framework */,
				BE73AD851CDDFE55006F8B98 /* RxSwift.framework */,
				BE73AD861CDDFE55006F8B98 /* RxCocoa.framework */,
				BE73AD871CDDFE55006F8B98 /* RxBlocking.framework */,
				BE73AD6E1CDDF90D006F8B98 /* RxGesture-iOS */,
				BE73AD7D1CDDFD89006F8B98 /* RxGesture-OSX */,
				BE73AD6D1CDDF90D006F8B98 /* Products */,
			);
			sourceTree = "<group>";
		};
		BE73AD6D1CDDF90D006F8B98 /* Products */ = {
			isa = PBXGroup;
			children = (
				BE73AD6C1CDDF90D006F8B98 /* RxGesture.framework */,
				BE73AD7C1CDDFD89006F8B98 /* RxGesture-OSX.framework */,
			);
			name = Products;
			sourceTree = "<group>";
		};
		BE73AD6E1CDDF90D006F8B98 /* RxGesture-iOS */ = {
			isa = PBXGroup;
			children = (
				BE73AD6F1CDDF90D006F8B98 /* RxGesture.h */,
				BE73AD711CDDF90D006F8B98 /* Info.plist */,
			);
			name = "RxGesture-iOS";
			path = RxGesture;
			sourceTree = "<group>";
		};
		BE73AD7D1CDDFD89006F8B98 /* RxGesture-OSX */ = {
			isa = PBXGroup;
			children = (
				BE73AD7E1CDDFD89006F8B98 /* RxGesture-OSX.h */,
				BE73AD801CDDFD89006F8B98 /* Info.plist */,
			);
			path = "RxGesture-OSX";
			sourceTree = "<group>";
		};
/* End PBXGroup section */

/* Begin PBXHeadersBuildPhase section */
		BE73AD691CDDF90D006F8B98 /* Headers */ = {
			isa = PBXHeadersBuildPhase;
			buildActionMask = 2147483647;
			files = (
				BE73AD701CDDF90D006F8B98 /* RxGesture.h in Headers */,
			);
			runOnlyForDeploymentPostprocessing = 0;
		};
		BE73AD791CDDFD89006F8B98 /* Headers */ = {
			isa = PBXHeadersBuildPhase;
			buildActionMask = 2147483647;
			files = (
				BE73AD7F1CDDFD89006F8B98 /* RxGesture-OSX.h in Headers */,
			);
			runOnlyForDeploymentPostprocessing = 0;
		};
/* End PBXHeadersBuildPhase section */

/* Begin PBXNativeTarget section */
		BE73AD6B1CDDF90D006F8B98 /* RxGesture-iOS */ = {
			isa = PBXNativeTarget;
			buildConfigurationList = BE73AD741CDDF90D006F8B98 /* Build configuration list for PBXNativeTarget "RxGesture-iOS" */;
			buildPhases = (
				BE73AD671CDDF90D006F8B98 /* Sources */,
				BE73AD681CDDF90D006F8B98 /* Frameworks */,
				BE73AD691CDDF90D006F8B98 /* Headers */,
				BE73AD6A1CDDF90D006F8B98 /* Resources */,
				BE73AD911CDDFE8C006F8B98 /* ShellScript */,
			);
			buildRules = (
			);
			dependencies = (
			);
			name = "RxGesture-iOS";
			productName = RxGesture;
			productReference = BE73AD6C1CDDF90D006F8B98 /* RxGesture.framework */;
			productType = "com.apple.product-type.framework";
		};
		BE73AD7B1CDDFD89006F8B98 /* RxGesture-OSX */ = {
			isa = PBXNativeTarget;
			buildConfigurationList = BE73AD811CDDFD89006F8B98 /* Build configuration list for PBXNativeTarget "RxGesture-OSX" */;
			buildPhases = (
				BE73AD771CDDFD89006F8B98 /* Sources */,
				BE73AD781CDDFD89006F8B98 /* Frameworks */,
				BE73AD791CDDFD89006F8B98 /* Headers */,
				BE73AD7A1CDDFD89006F8B98 /* Resources */,
			);
			buildRules = (
			);
			dependencies = (
			);
			name = "RxGesture-OSX";
			productName = "RxGesture-OSX";
			productReference = BE73AD7C1CDDFD89006F8B98 /* RxGesture-OSX.framework */;
			productType = "com.apple.product-type.framework";
		};
/* End PBXNativeTarget section */

/* Begin PBXProject section */
		BE73AD631CDDF90D006F8B98 /* Project object */ = {
			isa = PBXProject;
			attributes = {
				LastUpgradeCheck = 0730;
				ORGANIZATIONNAME = MarinTodorov;
				TargetAttributes = {
					BE73AD6B1CDDF90D006F8B98 = {
						CreatedOnToolsVersion = 7.3;
					};
					BE73AD7B1CDDFD89006F8B98 = {
						CreatedOnToolsVersion = 7.3;
					};
				};
			};
			buildConfigurationList = BE73AD661CDDF90D006F8B98 /* Build configuration list for PBXProject "RxGesture" */;
			compatibilityVersion = "Xcode 3.2";
			developmentRegion = English;
			hasScannedForEncodings = 0;
			knownRegions = (
				en,
			);
			mainGroup = BE73AD621CDDF90D006F8B98;
			productRefGroup = BE73AD6D1CDDF90D006F8B98 /* Products */;
			projectDirPath = "";
			projectRoot = "";
			targets = (
				BE73AD6B1CDDF90D006F8B98 /* RxGesture-iOS */,
				BE73AD7B1CDDFD89006F8B98 /* RxGesture-OSX */,
			);
		};
/* End PBXProject section */

/* Begin PBXResourcesBuildPhase section */
		BE73AD6A1CDDF90D006F8B98 /* Resources */ = {
			isa = PBXResourcesBuildPhase;
			buildActionMask = 2147483647;
			files = (
			);
			runOnlyForDeploymentPostprocessing = 0;
		};
		BE73AD7A1CDDFD89006F8B98 /* Resources */ = {
			isa = PBXResourcesBuildPhase;
			buildActionMask = 2147483647;
			files = (
			);
			runOnlyForDeploymentPostprocessing = 0;
		};
/* End PBXResourcesBuildPhase section */

/* Begin PBXShellScriptBuildPhase section */
		BE73AD911CDDFE8C006F8B98 /* ShellScript */ = {
			isa = PBXShellScriptBuildPhase;
			buildActionMask = 2147483647;
			files = (
			);
			inputPaths = (
				"$(SRCROOT)/Carthage/Build/iOS/RxSwift.framework",
				"$(SRCROOT)/Carthage/Build/iOS/RxCocoa.framework",
				"$(SRCROOT)/Carthage/Build/iOS/RxBlocking.framework",
			);
			outputPaths = (
			);
			runOnlyForDeploymentPostprocessing = 0;
			shellPath = /bin/sh;
			shellScript = "/usr/local/bin/carthage copy-frameworks";
		};
/* End PBXShellScriptBuildPhase section */

/* Begin PBXSourcesBuildPhase section */
		BE73AD671CDDF90D006F8B98 /* Sources */ = {
			isa = PBXSourcesBuildPhase;
			buildActionMask = 2147483647;
			files = (
			);
			runOnlyForDeploymentPostprocessing = 0;
		};
		BE73AD771CDDFD89006F8B98 /* Sources */ = {
			isa = PBXSourcesBuildPhase;
			buildActionMask = 2147483647;
			files = (
			);
			runOnlyForDeploymentPostprocessing = 0;
		};
/* End PBXSourcesBuildPhase section */

/* Begin XCBuildConfiguration section */
		BE73AD721CDDF90D006F8B98 /* Debug */ = {
			isa = XCBuildConfiguration;
			buildSettings = {
				ALWAYS_SEARCH_USER_PATHS = NO;
				CLANG_ANALYZER_NONNULL = YES;
				CLANG_CXX_LANGUAGE_STANDARD = "gnu++0x";
				CLANG_CXX_LIBRARY = "libc++";
				CLANG_ENABLE_MODULES = YES;
				CLANG_ENABLE_OBJC_ARC = YES;
				CLANG_WARN_BOOL_CONVERSION = YES;
				CLANG_WARN_CONSTANT_CONVERSION = YES;
				CLANG_WARN_DIRECT_OBJC_ISA_USAGE = YES_ERROR;
				CLANG_WARN_EMPTY_BODY = YES;
				CLANG_WARN_ENUM_CONVERSION = YES;
				CLANG_WARN_INT_CONVERSION = YES;
				CLANG_WARN_OBJC_ROOT_CLASS = YES_ERROR;
				CLANG_WARN_UNREACHABLE_CODE = YES;
				CLANG_WARN__DUPLICATE_METHOD_MATCH = YES;
				"CODE_SIGN_IDENTITY[sdk=iphoneos*]" = "iPhone Developer";
				COPY_PHASE_STRIP = NO;
				CURRENT_PROJECT_VERSION = 1;
				DEBUG_INFORMATION_FORMAT = dwarf;
				ENABLE_STRICT_OBJC_MSGSEND = YES;
				ENABLE_TESTABILITY = YES;
				GCC_C_LANGUAGE_STANDARD = gnu99;
				GCC_DYNAMIC_NO_PIC = NO;
				GCC_NO_COMMON_BLOCKS = YES;
				GCC_OPTIMIZATION_LEVEL = 0;
				GCC_PREPROCESSOR_DEFINITIONS = (
					"DEBUG=1",
					"$(inherited)",
				);
				GCC_WARN_64_TO_32_BIT_CONVERSION = YES;
				GCC_WARN_ABOUT_RETURN_TYPE = YES_ERROR;
				GCC_WARN_UNDECLARED_SELECTOR = YES;
				GCC_WARN_UNINITIALIZED_AUTOS = YES_AGGRESSIVE;
				GCC_WARN_UNUSED_FUNCTION = YES;
				GCC_WARN_UNUSED_VARIABLE = YES;
				IPHONEOS_DEPLOYMENT_TARGET = 8.3;
				MACOSX_DEPLOYMENT_TARGET = 10.10;
				MTL_ENABLE_DEBUG_INFO = YES;
				ONLY_ACTIVE_ARCH = YES;
				SDKROOT = iphoneos;
				SWIFT_OPTIMIZATION_LEVEL = "-Onone";
				TARGETED_DEVICE_FAMILY = "1,2";
				VERSIONING_SYSTEM = "apple-generic";
				VERSION_INFO_PREFIX = "";
			};
			name = Debug;
		};
		BE73AD731CDDF90D006F8B98 /* Release */ = {
			isa = XCBuildConfiguration;
			buildSettings = {
				ALWAYS_SEARCH_USER_PATHS = NO;
				CLANG_ANALYZER_NONNULL = YES;
				CLANG_CXX_LANGUAGE_STANDARD = "gnu++0x";
				CLANG_CXX_LIBRARY = "libc++";
				CLANG_ENABLE_MODULES = YES;
				CLANG_ENABLE_OBJC_ARC = YES;
				CLANG_WARN_BOOL_CONVERSION = YES;
				CLANG_WARN_CONSTANT_CONVERSION = YES;
				CLANG_WARN_DIRECT_OBJC_ISA_USAGE = YES_ERROR;
				CLANG_WARN_EMPTY_BODY = YES;
				CLANG_WARN_ENUM_CONVERSION = YES;
				CLANG_WARN_INT_CONVERSION = YES;
				CLANG_WARN_OBJC_ROOT_CLASS = YES_ERROR;
				CLANG_WARN_UNREACHABLE_CODE = YES;
				CLANG_WARN__DUPLICATE_METHOD_MATCH = YES;
				"CODE_SIGN_IDENTITY[sdk=iphoneos*]" = "iPhone Developer";
				COPY_PHASE_STRIP = NO;
				CURRENT_PROJECT_VERSION = 1;
				DEBUG_INFORMATION_FORMAT = "dwarf-with-dsym";
				ENABLE_NS_ASSERTIONS = NO;
				ENABLE_STRICT_OBJC_MSGSEND = YES;
				GCC_C_LANGUAGE_STANDARD = gnu99;
				GCC_NO_COMMON_BLOCKS = YES;
				GCC_WARN_64_TO_32_BIT_CONVERSION = YES;
				GCC_WARN_ABOUT_RETURN_TYPE = YES_ERROR;
				GCC_WARN_UNDECLARED_SELECTOR = YES;
				GCC_WARN_UNINITIALIZED_AUTOS = YES_AGGRESSIVE;
				GCC_WARN_UNUSED_FUNCTION = YES;
				GCC_WARN_UNUSED_VARIABLE = YES;
				IPHONEOS_DEPLOYMENT_TARGET = 8.3;
				MACOSX_DEPLOYMENT_TARGET = 10.10;
				MTL_ENABLE_DEBUG_INFO = NO;
				SDKROOT = iphoneos;
				TARGETED_DEVICE_FAMILY = "1,2";
				VALIDATE_PRODUCT = YES;
				VERSIONING_SYSTEM = "apple-generic";
				VERSION_INFO_PREFIX = "";
			};
			name = Release;
		};
		BE73AD751CDDF90D006F8B98 /* Debug */ = {
			isa = XCBuildConfiguration;
			buildSettings = {
				DEFINES_MODULE = YES;
				DYLIB_COMPATIBILITY_VERSION = 1;
				DYLIB_CURRENT_VERSION = 1;
				DYLIB_INSTALL_NAME_BASE = "@rpath";
				INFOPLIST_FILE = RxGesture/Info.plist;
				INSTALL_PATH = "$(LOCAL_LIBRARY_DIR)/Frameworks";
				LD_RUNPATH_SEARCH_PATHS = "$(inherited) @executable_path/Frameworks @loader_path/Frameworks";
				PRODUCT_BUNDLE_IDENTIFIER = "com.marintodorov.RxGesture-iOS";
				PRODUCT_NAME = RxGesture;
				SKIP_INSTALL = YES;
			};
			name = Debug;
		};
		BE73AD761CDDF90D006F8B98 /* Release */ = {
			isa = XCBuildConfiguration;
			buildSettings = {
				DEFINES_MODULE = YES;
				DYLIB_COMPATIBILITY_VERSION = 1;
				DYLIB_CURRENT_VERSION = 1;
				DYLIB_INSTALL_NAME_BASE = "@rpath";
				INFOPLIST_FILE = RxGesture/Info.plist;
				INSTALL_PATH = "$(LOCAL_LIBRARY_DIR)/Frameworks";
				LD_RUNPATH_SEARCH_PATHS = "$(inherited) @executable_path/Frameworks @loader_path/Frameworks";
				PRODUCT_BUNDLE_IDENTIFIER = "com.marintodorov.RxGesture-iOS";
				PRODUCT_NAME = RxGesture;
				SKIP_INSTALL = YES;
			};
			name = Release;
		};
		BE73AD821CDDFD89006F8B98 /* Debug */ = {
			isa = XCBuildConfiguration;
			buildSettings = {
				CODE_SIGN_IDENTITY = "-";
				COMBINE_HIDPI_IMAGES = YES;
				DEFINES_MODULE = YES;
				DYLIB_COMPATIBILITY_VERSION = 1;
				DYLIB_CURRENT_VERSION = 1;
				DYLIB_INSTALL_NAME_BASE = "@rpath";
				FRAMEWORK_VERSION = A;
				INFOPLIST_FILE = "RxGesture-OSX/Info.plist";
				INSTALL_PATH = "$(LOCAL_LIBRARY_DIR)/Frameworks";
				LD_RUNPATH_SEARCH_PATHS = "$(inherited) @executable_path/../Frameworks @loader_path/Frameworks";
				MACOSX_DEPLOYMENT_TARGET = 10.10;
				PRODUCT_BUNDLE_IDENTIFIER = "com.marintodorov.RxGesture-OSX";
				PRODUCT_NAME = "$(TARGET_NAME)";
				SDKROOT = macosx;
				SKIP_INSTALL = YES;
			};
			name = Debug;
		};
		BE73AD831CDDFD89006F8B98 /* Release */ = {
			isa = XCBuildConfiguration;
			buildSettings = {
				CODE_SIGN_IDENTITY = "-";
				COMBINE_HIDPI_IMAGES = YES;
				DEFINES_MODULE = YES;
				DYLIB_COMPATIBILITY_VERSION = 1;
				DYLIB_CURRENT_VERSION = 1;
				DYLIB_INSTALL_NAME_BASE = "@rpath";
				FRAMEWORK_VERSION = A;
				INFOPLIST_FILE = "RxGesture-OSX/Info.plist";
				INSTALL_PATH = "$(LOCAL_LIBRARY_DIR)/Frameworks";
				LD_RUNPATH_SEARCH_PATHS = "$(inherited) @executable_path/../Frameworks @loader_path/Frameworks";
				MACOSX_DEPLOYMENT_TARGET = 10.10;
				PRODUCT_BUNDLE_IDENTIFIER = "com.marintodorov.RxGesture-OSX";
				PRODUCT_NAME = "$(TARGET_NAME)";
				SDKROOT = macosx;
				SKIP_INSTALL = YES;
			};
			name = Release;
		};
/* End XCBuildConfiguration section */

/* Begin XCConfigurationList section */
		BE73AD661CDDF90D006F8B98 /* Build configuration list for PBXProject "RxGesture" */ = {
			isa = XCConfigurationList;
			buildConfigurations = (
				BE73AD721CDDF90D006F8B98 /* Debug */,
				BE73AD731CDDF90D006F8B98 /* Release */,
			);
			defaultConfigurationIsVisible = 0;
			defaultConfigurationName = Release;
		};
		BE73AD741CDDF90D006F8B98 /* Build configuration list for PBXNativeTarget "RxGesture-iOS" */ = {
			isa = XCConfigurationList;
			buildConfigurations = (
				BE73AD751CDDF90D006F8B98 /* Debug */,
				BE73AD761CDDF90D006F8B98 /* Release */,
			);
			defaultConfigurationIsVisible = 0;
		};
		BE73AD811CDDFD89006F8B98 /* Build configuration list for PBXNativeTarget "RxGesture-OSX" */ = {
			isa = XCConfigurationList;
			buildConfigurations = (
				BE73AD821CDDFD89006F8B98 /* Debug */,
				BE73AD831CDDFD89006F8B98 /* Release */,
			);
			defaultConfigurationIsVisible = 0;
		};
/* End XCConfigurationList section */
	};
	rootObject = BE73AD631CDDF90D006F8B98 /* Project object */;
}
